lockfileVersion: '9.0'

settings:
  autoInstallPeers: true
  excludeLinksFromLockfile: false

importers:
  .:
    devDependencies:
      '@eslint/js':
        specifier: ^9.17.0
        version: 9.17.0
      '@types/node:
        specifier: ^22.10.5
        version: 22.10.5
      dependency-cruiser:
        specifier: ^16.8.3
        version: 16.8.3
      eslint:
        specifier: ^9.17.0
        version: 9.17.0
      prettier:
        specifier: ^3.4.2
        version: 3.4.2
      typescript:
        specifier: ^5.7.2
        version: 5.7.2
      vitest:
        specifier: ^2.1.8
        version: 2.1.8
  apps/api: {}
  apps/storybook: {}
  apps/worker: {}
  apps/web: {}
  packages/design-tokens: {}
  packages/ui: {}
  packages/i18n-ui: {}
  packages/contract-types: {}
  packages/observability: {}
  packages/config: {}
  packages/testing: {}
  modules/identity: {}
  modules/organization: {}
  modules/project: {}
  modules/documents: {}
  modules/audit: {}
  modules/platform: {}

packages: {}
